Microsoft Visual Studio Solution File, Format Version 12.00
# Visual Studio Version 17
VisualStudioVersion = 17.5.2.0
MinimumVisualStudioVersion = 10.0.40219.1
Project("{FAE04EC0-301F-11D3-BF4B-00C04F79EFBC}") = "TreeSword", "TreeSword.csproj", "{4FCBD555-6394-240C-E05E-37AA5801EB29}"
EndProject
Global
	GlobalSection(SolutionConfigurationPlatforms) = preSolution
		Debug|Any CPU = Debug|Any CPU
		Release|Any CPU = Release|Any CPU
	EndGlobalSection
	GlobalSection(ProjectConfigurationPlatforms) = postSolution
		{4FCBD555-6394-240C-E05E-37AA5801EB29}.Debug|Any CPU.ActiveCfg = Debug|Any CPU
		{4FCBD555-6394-240C-E05E-37AA5801EB29}.Debug|Any CPU.Build.0 = Debug|Any CPU
		{4FCBD555-6394-240C-E05E-37AA5801EB29}.Release|Any CPU.ActiveCfg = Release|Any CPU
		{4FCBD555-6394-240C-E05E-37AA5801EB29}.Release|Any CPU.Build.0 = Release|Any CPU
	EndGlobalSection
	GlobalSection(SolutionProperties) = preSolution
		HideSolutionNode = FALSE
	EndGlobalSection
	GlobalSection(ExtensibilityGlobals) = postSolution
		SolutionGuid = {23FE4E44-6638-4792-80A4-B95845D34DA7}
	EndGlobalSection
EndGlobal
